// !$*UTF8*$!
{
	archiveVersion = 1;
	classes = {
	};
	objectVersion = 50;
	objects = {

/* Begin PBXBuildFile section */
		C56AC442253BE103007FA53B /* LLPlayer.m in Sources */ = {isa = PBXBuildFile; fileRef = C56AC441253BE103007FA53B /* LLPlayer.m */; };
		C56AC452253BE424007FA53B /* LLOpenFileThread.m in Sources */ = {isa = PBXBuildFile; fileRef = C56AC451253BE424007FA53B /* LLOpenFileThread.m */; };
		C56AC45C253BEA7C007FA53B /* LLReader.m in Sources */ = {isa = PBXBuildFile; fileRef = C56AC45B253BEA7C007FA53B /* LLReader.m */; };
		C56AC477253BEBF8007FA53B /* LLAVFrame.m in Sources */ = {isa = PBXBuildFile; fileRef = C56AC476253BEBF8007FA53B /* LLAVFrame.m */; };
		C56AC480253BEC0A007FA53B /* LLAVPacket.m in Sources */ = {isa = PBXBuildFile; fileRef = C56AC47F253BEC0A007FA53B /* LLAVPacket.m */; };
		C56AC491253BF8A0007FA53B /* liu_ffmpeg1.mp4 in Resources */ = {isa = PBXBuildFile; fileRef = C56AC48F253BF8A0007FA53B /* liu_ffmpeg1.mp4 */; };
		C56AC492253BF8A0007FA53B /* liu_ffmpeg.mov in Resources */ = {isa = PBXBuildFile; fileRef = C56AC490253BF8A0007FA53B /* liu_ffmpeg.mov */; };
		C56AC498253BFA3E007FA53B /* LLDecoder.m in Sources */ = {isa = PBXBuildFile; fileRef = C56AC497253BFA3E007FA53B /* LLDecoder.m */; };
		C56AC49E253BFB69007FA53B /* LLAVStream.m in Sources */ = {isa = PBXBuildFile; fileRef = C56AC49D253BFB69007FA53B /* LLAVStream.m */; };
		C56AC4B3253C1AD0007FA53B /* LLQueue.m in Sources */ = {isa = PBXBuildFile; fileRef = C56AC4B2253C1AD0007FA53B /* LLQueue.m */; };
		C58392F025357E1000F459FE /* AppDelegate.m in Sources */ = {isa = PBXBuildFile; fileRef = C58392EF25357E1000F459FE /* AppDelegate.m */; };
		C58392FB25357E1100F459FE /* Assets.xcassets in Resources */ = {isa = PBXBuildFile; fileRef = C58392FA25357E1100F459FE /* Assets.xcassets */; };
		C58392FE25357E1100F459FE /* LaunchScreen.storyboard in Resources */ = {isa = PBXBuildFile; fileRef = C58392FC25357E1100F459FE /* LaunchScreen.storyboard */; };
		C583930125357E1100F459FE /* main.m in Sources */ = {isa = PBXBuildFile; fileRef = C583930025357E1100F459FE /* main.m */; };
		C583930B25357E1100F459FE /* FFmpeg_liuhongliangTests.m in Sources */ = {isa = PBXBuildFile; fileRef = C583930A25357E1100F459FE /* FFmpeg_liuhongliangTests.m */; };
		C583931625357E1100F459FE /* FFmpeg_liuhongliangUITests.m in Sources */ = {isa = PBXBuildFile; fileRef = C583931525357E1100F459FE /* FFmpeg_liuhongliangUITests.m */; };
		C583932525357E5200F459FE /* HomeViewController.mm in Sources */ = {isa = PBXBuildFile; fileRef = C583932425357E5200F459FE /* HomeViewController.mm */; };
		C5F8D26C25369C0900AC9171 /* libavutil.a in Frameworks */ = {isa = PBXBuildFile; fileRef = C5F8D26525369C0900AC9171 /* libavutil.a */; };
		C5F8D26D25369C0900AC9171 /* libavfilter.a in Frameworks */ = {isa = PBXBuildFile; fileRef = C5F8D26625369C0900AC9171 /* libavfilter.a */; };
		C5F8D26E25369C0900AC9171 /* libavcodec.a in Frameworks */ = {isa = PBXBuildFile; fileRef = C5F8D26725369C0900AC9171 /* libavcodec.a */; };
		C5F8D26F25369C0900AC9171 /* libavformat.a in Frameworks */ = {isa = PBXBuildFile; fileRef = C5F8D26825369C0900AC9171 /* libavformat.a */; };
		C5F8D27025369C0900AC9171 /* libavdevice.a in Frameworks */ = {isa = PBXBuildFile; fileRef = C5F8D26925369C0900AC9171 /* libavdevice.a */; };
		C5F8D27125369C0900AC9171 /* libswresample.a in Frameworks */ = {isa = PBXBuildFile; fileRef = C5F8D26A25369C0900AC9171 /* libswresample.a */; };
		C5F8D27225369C0900AC9171 /* libswscale.a in Frameworks */ = {isa = PBXBuildFile; fileRef = C5F8D26B25369C0900AC9171 /* libswscale.a */; };
		C5F8D27C25369CF000AC9171 /* libz.tbd in Frameworks */ = {isa = PBXBuildFile; fileRef = C5F8D27B25369CE700AC9171 /* libz.tbd */; };
		C5F8D28025369CFA00AC9171 /* libbz2.tbd in Frameworks */ = {isa = PBXBuildFile; fileRef = C5F8D27A25369CDC00AC9171 /* libbz2.tbd */; };
		C5F8D28525369D1200AC9171 /* libiconv.tbd in Frameworks */ = {isa = PBXBuildFile; fileRef = C5F8D28425369D0B00AC9171 /* libiconv.tbd */; };
		C5F8D28A25369D1B00AC9171 /* CoreMedia.framework in Frameworks */ = {isa = PBXBuildFile; fileRef = C5F8D28925369D1B00AC9171 /* CoreMedia.framework */; };
		C5F8D28F25369D2400AC9171 /* VideoToolbox.framework in Frameworks */ = {isa = PBXBuildFile; fileRef = C5F8D28E25369D2400AC9171 /* VideoToolbox.framework */; };
		C5F8D29425369D2D00AC9171 /* AVFoundation.framework in Frameworks */ = {isa = PBXBuildFile; fileRef = C5F8D29325369D2D00AC9171 /* AVFoundation.framework */; };
		C5F8D3452536B8CD00AC9171 /* AudioToolbox.framework in Frameworks */ = {isa = PBXBuildFile; fileRef = C5F8D3442536B8CD00AC9171 /* AudioToolbox.framework */; };
		C5F8D3BB2536E36000AC9171 /* ffmpeg_opt.c in Sources */ = {isa = PBXBuildFile; fileRef = C5F8D3B42536E36000AC9171 /* ffmpeg_opt.c */; };
		C5F8D3BC2536E36000AC9171 /* ffmpeg_filter.c in Sources */ = {isa = PBXBuildFile; fileRef = C5F8D3B62536E36000AC9171 /* ffmpeg_filter.c */; };
		C5F8D3BD2536E36000AC9171 /* ffmpeg_hw.c in Sources */ = {isa = PBXBuildFile; fileRef = C5F8D3B72536E36000AC9171 /* ffmpeg_hw.c */; };
		C5F8D3BE2536E36000AC9171 /* cmdutils.c in Sources */ = {isa = PBXBuildFile; fileRef = C5F8D3B82536E36000AC9171 /* cmdutils.c */; };
		C5F8D3BF2536E36000AC9171 /* ffmpeg.c in Sources */ = {isa = PBXBuildFile; fileRef = C5F8D3B92536E36000AC9171 /* ffmpeg.c */; };
		C5F8D3C02536E36000AC9171 /* ffmpeg_videotoolbox.c in Sources */ = {isa = PBXBuildFile; fileRef = C5F8D3BA2536E36000AC9171 /* ffmpeg_videotoolbox.c */; };
/* End PBXBuildFile section */

/* Begin PBXContainerItemProxy section */
		C583930725357E1100F459FE /* PBXContainerItemProxy */ = {
			isa = PBXContainerItemProxy;
			containerPortal = C58392E325357E1000F459FE /* Project object */;
			proxyType = 1;
			remoteGlobalIDString = C58392EA25357E1000F459FE;
			remoteInfo = "FFmpeg-liuhongliang";
		};
		C583931225357E1100F459FE /* PBXContainerItemProxy */ = {
			isa = PBXContainerItemProxy;
			containerPortal = C58392E325357E1000F459FE /* Project object */;
			proxyType = 1;
			remoteGlobalIDString = C58392EA25357E1000F459FE;
			remoteInfo = "FFmpeg-liuhongliang";
		};
/* End PBXContainerItemProxy section */

/* Begin PBXFileReference section */
		C56AC437253BE030007FA53B /* LLPlayerHeader.h */ = {isa = PBXFileReference; lastKnownFileType = sourcecode.c.h; path = LLPlayerHeader.h; sourceTree = "<group>"; };
		C56AC440253BE103007FA53B /* LLPlayer.h */ = {isa = PBXFileReference; lastKnownFileType = sourcecode.c.h; path = LLPlayer.h; sourceTree = "<group>"; };
		C56AC441253BE103007FA53B /* LLPlayer.m */ = {isa = PBXFileReference; lastKnownFileType = sourcecode.c.objc; path = LLPlayer.m; sourceTree = "<group>"; };
		C56AC450253BE424007FA53B /* LLOpenFileThread.h */ = {isa = PBXFileReference; fileEncoding = 4; lastKnownFileType = sourcecode.c.h; path = LLOpenFileThread.h; sourceTree = "<group>"; };
		C56AC451253BE424007FA53B /* LLOpenFileThread.m */ = {isa = PBXFileReference; fileEncoding = 4; lastKnownFileType = sourcecode.c.objc; path = LLOpenFileThread.m; sourceTree = "<group>"; };
		C56AC45A253BEA7C007FA53B /* LLReader.h */ = {isa = PBXFileReference; lastKnownFileType = sourcecode.c.h; path = LLReader.h; sourceTree = "<group>"; };
		C56AC45B253BEA7C007FA53B /* LLReader.m */ = {isa = PBXFileReference; lastKnownFileType = sourcecode.c.objc; path = LLReader.m; sourceTree = "<group>"; };
		C56AC475253BEBF8007FA53B /* LLAVFrame.h */ = {isa = PBXFileReference; lastKnownFileType = sourcecode.c.h; path = LLAVFrame.h; sourceTree = "<group>"; };
		C56AC476253BEBF8007FA53B /* LLAVFrame.m */ = {isa = PBXFileReference; lastKnownFileType = sourcecode.c.objc; path = LLAVFrame.m; sourceTree = "<group>"; };
		C56AC47E253BEC0A007FA53B /* LLAVPacket.h */ = {isa = PBXFileReference; lastKnownFileType = sourcecode.c.h; path = LLAVPacket.h; sourceTree = "<group>"; };
		C56AC47F253BEC0A007FA53B /* LLAVPacket.m */ = {isa = PBXFileReference; lastKnownFileType = sourcecode.c.objc; path = LLAVPacket.m; sourceTree = "<group>"; };
		C56AC48F253BF8A0007FA53B /* liu_ffmpeg1.mp4 */ = {isa = PBXFileReference; lastKnownFileType = file; path = liu_ffmpeg1.mp4; sourceTree = "<group>"; };
		C56AC490253BF8A0007FA53B /* liu_ffmpeg.mov */ = {isa = PBXFileReference; lastKnownFileType = video.quicktime; path = liu_ffmpeg.mov; sourceTree = "<group>"; };
		C56AC496253BFA3E007FA53B /* LLDecoder.h */ = {isa = PBXFileReference; lastKnownFileType = sourcecode.c.h; path = LLDecoder.h; sourceTree = "<group>"; };
		C56AC497253BFA3E007FA53B /* LLDecoder.m */ = {isa = PBXFileReference; lastKnownFileType = sourcecode.c.objc; path = LLDecoder.m; sourceTree = "<group>"; };
		C56AC49C253BFB69007FA53B /* LLAVStream.h */ = {isa = PBXFileReference; lastKnownFileType = sourcecode.c.h; path = LLAVStream.h; sourceTree = "<group>"; };
		C56AC49D253BFB69007FA53B /* LLAVStream.m */ = {isa = PBXFileReference; lastKnownFileType = sourcecode.c.objc; path = LLAVStream.m; sourceTree = "<group>"; };
		C56AC4B1253C1AD0007FA53B /* LLQueue.h */ = {isa = PBXFileReference; lastKnownFileType = sourcecode.c.h; path = LLQueue.h; sourceTree = "<group>"; };
		C56AC4B2253C1AD0007FA53B /* LLQueue.m */ = {isa = PBXFileReference; lastKnownFileType = sourcecode.c.objc; path = LLQueue.m; sourceTree = "<group>"; };
		C58392EB25357E1000F459FE /* FFmpeg-liuhongliang.app */ = {isa = PBXFileReference; explicitFileType = wrapper.application; includeInIndex = 0; path = "FFmpeg-liuhongliang.app"; sourceTree = BUILT_PRODUCTS_DIR; };
		C58392EE25357E1000F459FE /* AppDelegate.h */ = {isa = PBXFileReference; lastKnownFileType = sourcecode.c.h; path = AppDelegate.h; sourceTree = "<group>"; };
		C58392EF25357E1000F459FE /* AppDelegate.m */ = {isa = PBXFileReference; lastKnownFileType = sourcecode.c.objc; path = AppDelegate.m; sourceTree = "<group>"; };
		C58392FA25357E1100F459FE /* Assets.xcassets */ = {isa = PBXFileReference; lastKnownFileType = folder.assetcatalog; path = Assets.xcassets; sourceTree = "<group>"; };
		C58392FD25357E1100F459FE /* Base */ = {isa = PBXFileReference; lastKnownFileType = file.storyboard; name = Base; path = Base.lproj/LaunchScreen.storyboard; sourceTree = "<group>"; };
		C58392FF25357E1100F459FE /* Info.plist */ = {isa = PBXFileReference; lastKnownFileType = text.plist.xml; path = Info.plist; sourceTree = "<group>"; };
		C583930025357E1100F459FE /* main.m */ = {isa = PBXFileReference; lastKnownFileType = sourcecode.c.objc; path = main.m; sourceTree = "<group>"; };
		C583930625357E1100F459FE /* FFmpeg-liuhongliangTests.xctest */ = {isa = PBXFileReference; explicitFileType = wrapper.cfbundle; includeInIndex = 0; path = "FFmpeg-liuhongliangTests.xctest"; sourceTree = BUILT_PRODUCTS_DIR; };
		C583930A25357E1100F459FE /* FFmpeg_liuhongliangTests.m */ = {isa = PBXFileReference; lastKnownFileType = sourcecode.c.objc; path = FFmpeg_liuhongliangTests.m; sourceTree = "<group>"; };
		C583930C25357E1100F459FE /* Info.plist */ = {isa = PBXFileReference; lastKnownFileType = text.plist.xml; path = Info.plist; sourceTree = "<group>"; };
		C583931125357E1100F459FE /* FFmpeg-liuhongliangUITests.xctest */ = {isa = PBXFileReference; explicitFileType = wrapper.cfbundle; includeInIndex = 0; path = "FFmpeg-liuhongliangUITests.xctest"; sourceTree = BUILT_PRODUCTS_DIR; };
		C583931525357E1100F459FE /* FFmpeg_liuhongliangUITests.m */ = {isa = PBXFileReference; lastKnownFileType = sourcecode.c.objc; path = FFmpeg_liuhongliangUITests.m; sourceTree = "<group>"; };
		C583931725357E1100F459FE /* Info.plist */ = {isa = PBXFileReference; lastKnownFileType = text.plist.xml; path = Info.plist; sourceTree = "<group>"; };
		C583932325357E5200F459FE /* HomeViewController.h */ = {isa = PBXFileReference; lastKnownFileType = sourcecode.c.h; path = HomeViewController.h; sourceTree = "<group>"; };
		C583932425357E5200F459FE /* HomeViewController.mm */ = {isa = PBXFileReference; lastKnownFileType = sourcecode.cpp.objcpp; path = HomeViewController.mm; sourceTree = "<group>"; };
		C5F8D1ED25369C0900AC9171 /* version.h */ = {isa = PBXFileReference; fileEncoding = 4; lastKnownFileType = sourcecode.c.h; path = version.h; sourceTree = "<group>"; };
		C5F8D1EE25369C0900AC9171 /* buffersrc.h */ = {isa = PBXFileReference; fileEncoding = 4; lastKnownFileType = sourcecode.c.h; path = buffersrc.h; sourceTree = "<group>"; };
		C5F8D1EF25369C0900AC9171 /* buffersink.h */ = {isa = PBXFileReference; fileEncoding = 4; lastKnownFileType = sourcecode.c.h; path = buffersink.h; sourceTree = "<group>"; };
		C5F8D1F025369C0900AC9171 /* avfilter.h */ = {isa = PBXFileReference; fileEncoding = 4; lastKnownFileType = sourcecode.c.h; path = avfilter.h; sourceTree = "<group>"; };
		C5F8D1F225369C0900AC9171 /* hwcontext.h */ = {isa = PBXFileReference; fileEncoding = 4; lastKnownFileType = sourcecode.c.h; path = hwcontext.h; sourceTree = "<group>"; };
		C5F8D1F325369C0900AC9171 /* time.h */ = {isa = PBXFileReference; fileEncoding = 4; lastKnownFileType = sourcecode.c.h; path = time.h; sourceTree = "<group>"; };
		C5F8D1F425369C0900AC9171 /* hwcontext_cuda.h */ = {isa = PBXFileReference; fileEncoding = 4; lastKnownFileType = sourcecode.c.h; path = hwcontext_cuda.h; sourceTree = "<group>"; };
		C5F8D1F525369C0900AC9171 /* intfloat.h */ = {isa = PBXFileReference; fileEncoding = 4; lastKnownFileType = sourcecode.c.h; path = intfloat.h; sourceTree = "<group>"; };
		C5F8D1F625369C0900AC9171 /* error.h */ = {isa = PBXFileReference; fileEncoding = 4; lastKnownFileType = sourcecode.c.h; path = error.h; sourceTree = "<group>"; };
		C5F8D1F725369C0900AC9171 /* fifo.h */ = {isa = PBXFileReference; fileEncoding = 4; lastKnownFileType = sourcecode.c.h; path = fifo.h; sourceTree = "<group>"; };
		C5F8D1F825369C0900AC9171 /* blowfish.h */ = {isa = PBXFileReference; fileEncoding = 4; lastKnownFileType = sourcecode.c.h; path = blowfish.h; sourceTree = "<group>"; };
		C5F8D1F925369C0900AC9171 /* hwcontext_mediacodec.h */ = {isa = PBXFileReference; fileEncoding = 4; lastKnownFileType = sourcecode.c.h; path = hwcontext_mediacodec.h; sourceTree = "<group>"; };
		C5F8D1FA25369C0900AC9171 /* replaygain.h */ = {isa = PBXFileReference; fileEncoding = 4; lastKnownFileType = sourcecode.c.h; path = replaygain.h; sourceTree = "<group>"; };
		C5F8D1FB25369C0900AC9171 /* version.h */ = {isa = PBXFileReference; fileEncoding = 4; lastKnownFileType = sourcecode.c.h; path = version.h; sourceTree = "<group>"; };
		C5F8D1FC25369C0900AC9171 /* murmur3.h */ = {isa = PBXFileReference; fileEncoding = 4; lastKnownFileType = sourcecode.c.h; path = murmur3.h; sourceTree = "<group>"; };
		C5F8D1FD25369C0900AC9171 /* stereo3d.h */ = {isa = PBXFileReference; fileEncoding = 4; lastKnownFileType = sourcecode.c.h; path = stereo3d.h; sourceTree = "<group>"; };
		C5F8D1FE25369C0900AC9171 /* samplefmt.h */ = {isa = PBXFileReference; fileEncoding = 4; lastKnownFileType = sourcecode.c.h; path = samplefmt.h; sourceTree = "<group>"; };
		C5F8D1FF25369C0900AC9171 /* pixdesc.h */ = {isa = PBXFileReference; fileEncoding = 4; lastKnownFileType = sourcecode.c.h; path = pixdesc.h; sourceTree = "<group>"; };
		C5F8D20025369C0900AC9171 /* base64.h */ = {isa = PBXFileReference; fileEncoding = 4; lastKnownFileType = sourcecode.c.h; path = base64.h; sourceTree = "<group>"; };
		C5F8D20125369C0900AC9171 /* rational.h */ = {isa = PBXFileReference; fileEncoding = 4; lastKnownFileType = sourcecode.c.h; path = rational.h; sourceTree = "<group>"; };
		C5F8D20225369C0900AC9171 /* sha.h */ = {isa = PBXFileReference; fileEncoding = 4; lastKnownFileType = sourcecode.c.h; path = sha.h; sourceTree = "<group>"; };
		C5F8D20325369C0900AC9171 /* motion_vector.h */ = {isa = PBXFileReference; fileEncoding = 4; lastKnownFileType = sourcecode.c.h; path = motion_vector.h; sourceTree = "<group>"; };
		C5F8D20425369C0900AC9171 /* avconfig.h */ = {isa = PBXFileReference; fileEncoding = 4; lastKnownFileType = sourcecode.c.h; path = avconfig.h; sourceTree = "<group>"; };
		C5F8D20525369C0900AC9171 /* lfg.h */ = {isa = PBXFileReference; fileEncoding = 4; lastKnownFileType = sourcecode.c.h; path = lfg.h; sourceTree = "<group>"; };
		C5F8D20625369C0900AC9171 /* avutil.h */ = {isa = PBXFileReference; fileEncoding = 4; lastKnownFileType = sourcecode.c.h; path = avutil.h; sourceTree = "<group>"; };
		C5F8D20725369C0900AC9171 /* xtea.h */ = {isa = PBXFileReference; fileEncoding = 4; lastKnownFileType = sourcecode.c.h; path = xtea.h; sourceTree = "<group>"; };
		C5F8D20825369C0900AC9171 /* crc.h */ = {isa = PBXFileReference; fileEncoding = 4; lastKnownFileType = sourcecode.c.h; path = crc.h; sourceTree = "<group>"; };
		C5F8D20925369C0900AC9171 /* hwcontext_vdpau.h */ = {isa = PBXFileReference; fileEncoding = 4; lastKnownFileType = sourcecode.c.h; path = hwcontext_vdpau.h; sourceTree = "<group>"; };
		C5F8D20A25369C0900AC9171 /* frame.h */ = {isa = PBXFileReference; fileEncoding = 4; lastKnownFileType = sourcecode.c.h; path = frame.h; sourceTree = "<group>"; };
		C5F8D20B25369C0900AC9171 /* file.h */ = {isa = PBXFileReference; fileEncoding = 4; lastKnownFileType = sourcecode.c.h; path = file.h; sourceTree = "<group>"; };
		C5F8D20C25369C0900AC9171 /* md5.h */ = {isa = PBXFileReference; fileEncoding = 4; lastKnownFileType = sourcecode.c.h; path = md5.h; sourceTree = "<group>"; };
		C5F8D20D25369C0900AC9171 /* cast5.h */ = {isa = PBXFileReference; fileEncoding = 4; lastKnownFileType = sourcecode.c.h; path = cast5.h; sourceTree = "<group>"; };
		C5F8D20E25369C0900AC9171 /* hwcontext_vaapi.h */ = {isa = PBXFileReference; fileEncoding = 4; lastKnownFileType = sourcecode.c.h; path = hwcontext_vaapi.h; sourceTree = "<group>"; };
		C5F8D20F25369C0900AC9171 /* spherical.h */ = {isa = PBXFileReference; fileEncoding = 4; lastKnownFileType = sourcecode.c.h; path = spherical.h; sourceTree = "<group>"; };
		C5F8D21025369C0900AC9171 /* ffversion.h */ = {isa = PBXFileReference; fileEncoding = 4; lastKnownFileType = sourcecode.c.h; path = ffversion.h; sourceTree = "<group>"; };
		C5F8D21125369C0900AC9171 /* audio_fifo.h */ = {isa = PBXFileReference; fileEncoding = 4; lastKnownFileType = sourcecode.c.h; path = audio_fifo.h; sourceTree = "<group>"; };
		C5F8D21225369C0900AC9171 /* tree.h */ = {isa = PBXFileReference; fileEncoding = 4; lastKnownFileType = sourcecode.c.h; path = tree.h; sourceTree = "<group>"; };
		C5F8D21325369C0900AC9171 /* threadmessage.h */ = {isa = PBXFileReference; fileEncoding = 4; lastKnownFileType = sourcecode.c.h; path = threadmessage.h; sourceTree = "<group>"; };
		C5F8D21425369C0900AC9171 /* attributes.h */ = {isa = PBXFileReference; fileEncoding = 4; lastKnownFileType = sourcecode.c.h; path = attributes.h; sourceTree = "<group>"; };
		C5F8D21525369C0900AC9171 /* adler32.h */ = {isa = PBXFileReference; fileEncoding = 4; lastKnownFileType = sourcecode.c.h; path = adler32.h; sourceTree = "<group>"; };
		C5F8D21625369C0900AC9171 /* hwcontext_d3d11va.h */ = {isa = PBXFileReference; fileEncoding = 4; lastKnownFileType = sourcecode.c.h; path = hwcontext_d3d11va.h; sourceTree = "<group>"; };
		C5F8D21725369C0900AC9171 /* timecode.h */ = {isa = PBXFileReference; fileEncoding = 4; lastKnownFileType = sourcecode.c.h; path = timecode.h; sourceTree = "<group>"; };
		C5F8D21825369C0900AC9171 /* tx.h */ = {isa = PBXFileReference; fileEncoding = 4; lastKnownFileType = sourcecode.c.h; path = tx.h; sourceTree = "<group>"; };
		C5F8D21925369C0900AC9171 /* sha512.h */ = {isa = PBXFileReference; fileEncoding = 4; lastKnownFileType = sourcecode.c.h; path = sha512.h; sourceTree = "<group>"; };
		C5F8D21A25369C0900AC9171 /* hwcontext_dxva2.h */ = {isa = PBXFileReference; fileEncoding = 4; lastKnownFileType = sourcecode.c.h; path = hwcontext_dxva2.h; sourceTree = "<group>"; };
		C5F8D21B25369C0900AC9171 /* display.h */ = {isa = PBXFileReference; fileEncoding = 4; lastKnownFileType = sourcecode.c.h; path = display.h; sourceTree = "<group>"; };
		C5F8D21C25369C0900AC9171 /* buffer.h */ = {isa = PBXFileReference; fileEncoding = 4; lastKnownFileType = sourcecode.c.h; path = buffer.h; sourceTree = "<group>"; };
		C5F8D21D25369C0900AC9171 /* camellia.h */ = {isa = PBXFileReference; fileEncoding = 4; lastKnownFileType = sourcecode.c.h; path = camellia.h; sourceTree = "<group>"; };
		C5F8D21E25369C0900AC9171 /* pixelutils.h */ = {isa = PBXFileReference; fileEncoding = 4; lastKnownFileType = sourcecode.c.h; path = pixelutils.h; sourceTree = "<group>"; };
		C5F8D21F25369C0900AC9171 /* hwcontext_drm.h */ = {isa = PBXFileReference; fileEncoding = 4; lastKnownFileType = sourcecode.c.h; path = hwcontext_drm.h; sourceTree = "<group>"; };
		C5F8D22025369C0900AC9171 /* common.h */ = {isa = PBXFileReference; fileEncoding = 4; lastKnownFileType = sourcecode.c.h; path = common.h; sourceTree = "<group>"; };
		C5F8D22125369C0900AC9171 /* hmac.h */ = {isa = PBXFileReference; fileEncoding = 4; lastKnownFileType = sourcecode.c.h; path = hmac.h; sourceTree = "<group>"; };
		C5F8D22225369C0900AC9171 /* eval.h */ = {isa = PBXFileReference; fileEncoding = 4; lastKnownFileType = sourcecode.c.h; path = eval.h; sourceTree = "<group>"; };
		C5F8D22325369C0900AC9171 /* dict.h */ = {isa = PBXFileReference; fileEncoding = 4; lastKnownFileType = sourcecode.c.h; path = dict.h; sourceTree = "<group>"; };
		C5F8D22425369C0900AC9171 /* random_seed.h */ = {isa = PBXFileReference; fileEncoding = 4; lastKnownFileType = sourcecode.c.h; path = random_seed.h; sourceTree = "<group>"; };
		C5F8D22525369C0900AC9171 /* opt.h */ = {isa = PBXFileReference; fileEncoding = 4; lastKnownFileType = sourcecode.c.h; path = opt.h; sourceTree = "<group>"; };
		C5F8D22625369C0900AC9171 /* mastering_display_metadata.h */ = {isa = PBXFileReference; fileEncoding = 4; lastKnownFileType = sourcecode.c.h; path = mastering_display_metadata.h; sourceTree = "<group>"; };
		C5F8D22725369C0900AC9171 /* log.h */ = {isa = PBXFileReference; fileEncoding = 4; lastKnownFileType = sourcecode.c.h; path = log.h; sourceTree = "<group>"; };
		C5F8D22825369C0900AC9171 /* aes.h */ = {isa = PBXFileReference; fileEncoding = 4; lastKnownFileType = sourcecode.c.h; path = aes.h; sourceTree = "<group>"; };
		C5F8D22925369C0900AC9171 /* macros.h */ = {isa = PBXFileReference; fileEncoding = 4; lastKnownFileType = sourcecode.c.h; path = macros.h; sourceTree = "<group>"; };
		C5F8D22A25369C0900AC9171 /* bswap.h */ = {isa = PBXFileReference; fileEncoding = 4; lastKnownFileType = sourcecode.c.h; path = bswap.h; sourceTree = "<group>"; };
		C5F8D22B25369C0900AC9171 /* rc4.h */ = {isa = PBXFileReference; fileEncoding = 4; lastKnownFileType = sourcecode.c.h; path = rc4.h; sourceTree = "<group>"; };
		C5F8D22C25369C0900AC9171 /* tea.h */ = {isa = PBXFileReference; fileEncoding = 4; lastKnownFileType = sourcecode.c.h; path = tea.h; sourceTree = "<group>"; };
		C5F8D22D25369C0900AC9171 /* cpu.h */ = {isa = PBXFileReference; fileEncoding = 4; lastKnownFileType = sourcecode.c.h; path = cpu.h; sourceTree = "<group>"; };
		C5F8D22E25369C0900AC9171 /* lzo.h */ = {isa = PBXFileReference; fileEncoding = 4; lastKnownFileType = sourcecode.c.h; path = lzo.h; sourceTree = "<group>"; };
		C5F8D22F25369C0900AC9171 /* des.h */ = {isa = PBXFileReference; fileEncoding = 4; lastKnownFileType = sourcecode.c.h; path = des.h; sourceTree = "<group>"; };
		C5F8D23025369C0900AC9171 /* channel_layout.h */ = {isa = PBXFileReference; fileEncoding = 4; lastKnownFileType = sourcecode.c.h; path = channel_layout.h; sourceTree = "<group>"; };
		C5F8D23125369C0900AC9171 /* encryption_info.h */ = {isa = PBXFileReference; fileEncoding = 4; lastKnownFileType = sourcecode.c.h; path = encryption_info.h; sourceTree = "<group>"; };
		C5F8D23225369C0900AC9171 /* twofish.h */ = {isa = PBXFileReference; fileEncoding = 4; lastKnownFileType = sourcecode.c.h; path = twofish.h; sourceTree = "<group>"; };
		C5F8D23325369C0900AC9171 /* imgutils.h */ = {isa = PBXFileReference; fileEncoding = 4; lastKnownFileType = sourcecode.c.h; path = imgutils.h; sourceTree = "<group>"; };
		C5F8D23425369C0900AC9171 /* hwcontext_videotoolbox.h */ = {isa = PBXFileReference; fileEncoding = 4; lastKnownFileType = sourcecode.c.h; path = hwcontext_videotoolbox.h; sourceTree = "<group>"; };
		C5F8D23525369C0900AC9171 /* mem.h */ = {isa = PBXFileReference; fileEncoding = 4; lastKnownFileType = sourcecode.c.h; path = mem.h; sourceTree = "<group>"; };
		C5F8D23625369C0900AC9171 /* parseutils.h */ = {isa = PBXFileReference; fileEncoding = 4; lastKnownFileType = sourcecode.c.h; path = parseutils.h; sourceTree = "<group>"; };
		C5F8D23725369C0900AC9171 /* ripemd.h */ = {isa = PBXFileReference; fileEncoding = 4; lastKnownFileType = sourcecode.c.h; path = ripemd.h; sourceTree = "<group>"; };
		C5F8D23825369C0900AC9171 /* bprint.h */ = {isa = PBXFileReference; fileEncoding = 4; lastKnownFileType = sourcecode.c.h; path = bprint.h; sourceTree = "<group>"; };
		C5F8D23925369C0900AC9171 /* hdr_dynamic_metadata.h */ = {isa = PBXFileReference; fileEncoding = 4; lastKnownFileType = sourcecode.c.h; path = hdr_dynamic_metadata.h; sourceTree = "<group>"; };
		C5F8D23A25369C0900AC9171 /* hwcontext_qsv.h */ = {isa = PBXFileReference; fileEncoding = 4; lastKnownFileType = sourcecode.c.h; path = hwcontext_qsv.h; sourceTree = "<group>"; };
		C5F8D23B25369C0900AC9171 /* pixfmt.h */ = {isa = PBXFileReference; fileEncoding = 4; lastKnownFileType = sourcecode.c.h; path = pixfmt.h; sourceTree = "<group>"; };
		C5F8D23C25369C0900AC9171 /* aes_ctr.h */ = {isa = PBXFileReference; fileEncoding = 4; lastKnownFileType = sourcecode.c.h; path = aes_ctr.h; sourceTree = "<group>"; };
		C5F8D23D25369C0900AC9171 /* timestamp.h */ = {isa = PBXFileReference; fileEncoding = 4; lastKnownFileType = sourcecode.c.h; path = timestamp.h; sourceTree = "<group>"; };
		C5F8D23E25369C0900AC9171 /* downmix_info.h */ = {isa = PBXFileReference; fileEncoding = 4; lastKnownFileType = sourcecode.c.h; path = downmix_info.h; sourceTree = "<group>"; };
		C5F8D23F25369C0900AC9171 /* avassert.h */ = {isa = PBXFileReference; fileEncoding = 4; lastKnownFileType = sourcecode.c.h; path = avassert.h; sourceTree = "<group>"; };
		C5F8D24025369C0900AC9171 /* hash.h */ = {isa = PBXFileReference; fileEncoding = 4; lastKnownFileType = sourcecode.c.h; path = hash.h; sourceTree = "<group>"; };
		C5F8D24125369C0900AC9171 /* mathematics.h */ = {isa = PBXFileReference; fileEncoding = 4; lastKnownFileType = sourcecode.c.h; path = mathematics.h; sourceTree = "<group>"; };
		C5F8D24225369C0900AC9171 /* intreadwrite.h */ = {isa = PBXFileReference; fileEncoding = 4; lastKnownFileType = sourcecode.c.h; path = intreadwrite.h; sourceTree = "<group>"; };
		C5F8D24325369C0900AC9171 /* avstring.h */ = {isa = PBXFileReference; fileEncoding = 4; lastKnownFileType = sourcecode.c.h; path = avstring.h; sourceTree = "<group>"; };
		C5F8D24525369C0900AC9171 /* version.h */ = {isa = PBXFileReference; fileEncoding = 4; lastKnownFileType = sourcecode.c.h; path = version.h; sourceTree = "<group>"; };
		C5F8D24625369C0900AC9171 /* avdevice.h */ = {isa = PBXFileReference; fileEncoding = 4; lastKnownFileType = sourcecode.c.h; path = avdevice.h; sourceTree = "<group>"; };
		C5F8D24825369C0900AC9171 /* version.h */ = {isa = PBXFileReference; fileEncoding = 4; lastKnownFileType = sourcecode.c.h; path = version.h; sourceTree = "<group>"; };
		C5F8D24925369C0900AC9171 /* avio.h */ = {isa = PBXFileReference; fileEncoding = 4; lastKnownFileType = sourcecode.c.h; path = avio.h; sourceTree = "<group>"; };
		C5F8D24A25369C0900AC9171 /* avformat.h */ = {isa = PBXFileReference; fileEncoding = 4; lastKnownFileType = sourcecode.c.h; path = avformat.h; sourceTree = "<group>"; };
		C5F8D24C25369C0900AC9171 /* version.h */ = {isa = PBXFileReference; fileEncoding = 4; lastKnownFileType = sourcecode.c.h; path = version.h; sourceTree = "<group>"; };
		C5F8D24D25369C0900AC9171 /* swscale.h */ = {isa = PBXFileReference; fileEncoding = 4; lastKnownFileType = sourcecode.c.h; path = swscale.h; sourceTree = "<group>"; };
		C5F8D24F25369C0900AC9171 /* adts_parser.h */ = {isa = PBXFileReference; fileEncoding = 4; lastKnownFileType = sourcecode.c.h; path = adts_parser.h; sourceTree = "<group>"; };
		C5F8D25025369C0900AC9171 /* avcodec.h */ = {isa = PBXFileReference; fileEncoding = 4; lastKnownFileType = sourcecode.c.h; path = avcodec.h; sourceTree = "<group>"; };
		C5F8D25125369C0900AC9171 /* version.h */ = {isa = PBXFileReference; fileEncoding = 4; lastKnownFileType = sourcecode.c.h; path = version.h; sourceTree = "<group>"; };
		C5F8D25225369C0900AC9171 /* vdpau.h */ = {isa = PBXFileReference; fileEncoding = 4; lastKnownFileType = sourcecode.c.h; path = vdpau.h; sourceTree = "<group>"; };
		C5F8D25325369C0900AC9171 /* qsv.h */ = {isa = PBXFileReference; fileEncoding = 4; lastKnownFileType = sourcecode.c.h; path = qsv.h; sourceTree = "<group>"; };
		C5F8D25425369C0900AC9171 /* vaapi.h */ = {isa = PBXFileReference; fileEncoding = 4; lastKnownFileType = sourcecode.c.h; path = vaapi.h; sourceTree = "<group>"; };
		C5F8D25525369C0900AC9171 /* videotoolbox.h */ = {isa = PBXFileReference; fileEncoding = 4; lastKnownFileType = sourcecode.c.h; path = videotoolbox.h; sourceTree = "<group>"; };
		C5F8D25625369C0900AC9171 /* xvmc.h */ = {isa = PBXFileReference; fileEncoding = 4; lastKnownFileType = sourcecode.c.h; path = xvmc.h; sourceTree = "<group>"; };
		C5F8D25725369C0900AC9171 /* mediacodec.h */ = {isa = PBXFileReference; fileEncoding = 4; lastKnownFileType = sourcecode.c.h; path = mediacodec.h; sourceTree = "<group>"; };
		C5F8D25825369C0900AC9171 /* d3d11va.h */ = {isa = PBXFileReference; fileEncoding = 4; lastKnownFileType = sourcecode.c.h; path = d3d11va.h; sourceTree = "<group>"; };
		C5F8D25925369C0900AC9171 /* avfft.h */ = {isa = PBXFileReference; fileEncoding = 4; lastKnownFileType = sourcecode.c.h; path = avfft.h; sourceTree = "<group>"; };
		C5F8D25A25369C0900AC9171 /* jni.h */ = {isa = PBXFileReference; fileEncoding = 4; lastKnownFileType = sourcecode.c.h; path = jni.h; sourceTree = "<group>"; };
		C5F8D25B25369C0900AC9171 /* dirac.h */ = {isa = PBXFileReference; fileEncoding = 4; lastKnownFileType = sourcecode.c.h; path = dirac.h; sourceTree = "<group>"; };
		C5F8D25C25369C0900AC9171 /* avdct.h */ = {isa = PBXFileReference; fileEncoding = 4; lastKnownFileType = sourcecode.c.h; path = avdct.h; sourceTree = "<group>"; };
		C5F8D25D25369C0900AC9171 /* ac3_parser.h */ = {isa = PBXFileReference; fileEncoding = 4; lastKnownFileType = sourcecode.c.h; path = ac3_parser.h; sourceTree = "<group>"; };
		C5F8D25E25369C0900AC9171 /* vorbis_parser.h */ = {isa = PBXFileReference; fileEncoding = 4; lastKnownFileType = sourcecode.c.h; path = vorbis_parser.h; sourceTree = "<group>"; };
		C5F8D25F25369C0900AC9171 /* dxva2.h */ = {isa = PBXFileReference; fileEncoding = 4; lastKnownFileType = sourcecode.c.h; path = dxva2.h; sourceTree = "<group>"; };
		C5F8D26025369C0900AC9171 /* dv_profile.h */ = {isa = PBXFileReference; fileEncoding = 4; lastKnownFileType = sourcecode.c.h; path = dv_profile.h; sourceTree = "<group>"; };
		C5F8D26225369C0900AC9171 /* version.h */ = {isa = PBXFileReference; fileEncoding = 4; lastKnownFileType = sourcecode.c.h; path = version.h; sourceTree = "<group>"; };
		C5F8D26325369C0900AC9171 /* swresample.h */ = {isa = PBXFileReference; fileEncoding = 4; lastKnownFileType = sourcecode.c.h; path = swresample.h; sourceTree = "<group>"; };
		C5F8D26525369C0900AC9171 /* libavutil.a */ = {isa = PBXFileReference; lastKnownFileType = archive.ar; path = libavutil.a; sourceTree = "<group>"; };
		C5F8D26625369C0900AC9171 /* libavfilter.a */ = {isa = PBXFileReference; lastKnownFileType = archive.ar; path = libavfilter.a; sourceTree = "<group>"; };
		C5F8D26725369C0900AC9171 /* libavcodec.a */ = {isa = PBXFileReference; lastKnownFileType = archive.ar; path = libavcodec.a; sourceTree = "<group>"; };
		C5F8D26825369C0900AC9171 /* libavformat.a */ = {isa = PBXFileReference; lastKnownFileType = archive.ar; path = libavformat.a; sourceTree = "<group>"; };
		C5F8D26925369C0900AC9171 /* libavdevice.a */ = {isa = PBXFileReference; lastKnownFileType = archive.ar; path = libavdevice.a; sourceTree = "<group>"; };
		C5F8D26A25369C0900AC9171 /* libswresample.a */ = {isa = PBXFileReference; lastKnownFileType = archive.ar; path = libswresample.a; sourceTree = "<group>"; };
		C5F8D26B25369C0900AC9171 /* libswscale.a */ = {isa = PBXFileReference; lastKnownFileType = archive.ar; path = libswscale.a; sourceTree = "<group>"; };
		C5F8D27A25369CDC00AC9171 /* libbz2.tbd */ = {isa = PBXFileReference; lastKnownFileType = "sourcecode.text-based-dylib-definition"; name = libbz2.tbd; path = usr/lib/libbz2.tbd; sourceTree = SDKROOT; };
		C5F8D27B25369CE700AC9171 /* libz.tbd */ = {isa = PBXFileReference; lastKnownFileType = "sourcecode.text-based-dylib-definition"; name = libz.tbd; path = usr/lib/libz.tbd; sourceTree = SDKROOT; };
		C5F8D28425369D0B00AC9171 /* libiconv.tbd */ = {isa = PBXFileReference; lastKnownFileType = "sourcecode.text-based-dylib-definition"; name = libiconv.tbd; path = usr/lib/libiconv.tbd; sourceTree = SDKROOT; };
		C5F8D28925369D1B00AC9171 /* CoreMedia.framework */ = {isa = PBXFileReference; lastKnownFileType = wrapper.framework; name = CoreMedia.framework; path = System/Library/Frameworks/CoreMedia.framework; sourceTree = SDKROOT; };
		C5F8D28E25369D2400AC9171 /* VideoToolbox.framework */ = {isa = PBXFileReference; lastKnownFileType = wrapper.framework; name = VideoToolbox.framework; path = System/Library/Frameworks/VideoToolbox.framework; sourceTree = SDKROOT; };
		C5F8D29325369D2D00AC9171 /* AVFoundation.framework */ = {isa = PBXFileReference; lastKnownFileType = wrapper.framework; name = AVFoundation.framework; path = System/Library/Frameworks/AVFoundation.framework; sourceTree = SDKROOT; };
		C5F8D3442536B8CD00AC9171 /* AudioToolbox.framework */ = {isa = PBXFileReference; lastKnownFileType = wrapper.framework; name = AudioToolbox.framework; path = System/Library/Frameworks/AudioToolbox.framework; sourceTree = SDKROOT; };
		C5F8D39F2536CB0C00AC9171 /* Note.h */ = {isa = PBXFileReference; lastKnownFileType = sourcecode.c.h; path = Note.h; sourceTree = "<group>"; };
		C5F8D3B32536E36000AC9171 /* cmdutils.h */ = {isa = PBXFileReference; fileEncoding = 4; lastKnownFileType = sourcecode.c.h; path = cmdutils.h; sourceTree = "<group>"; };
		C5F8D3B42536E36000AC9171 /* ffmpeg_opt.c */ = {isa = PBXFileReference; fileEncoding = 4; lastKnownFileType = sourcecode.c.c; path = ffmpeg_opt.c; sourceTree = "<group>"; };
		C5F8D3B52536E36000AC9171 /* ffmpeg.h */ = {isa = PBXFileReference; fileEncoding = 4; lastKnownFileType = sourcecode.c.h; path = ffmpeg.h; sourceTree = "<group>"; };
		C5F8D3B62536E36000AC9171 /* ffmpeg_filter.c */ = {isa = PBXFileReference; fileEncoding = 4; lastKnownFileType = sourcecode.c.c; path = ffmpeg_filter.c; sourceTree = "<group>"; };
		C5F8D3B72536E36000AC9171 /* ffmpeg_hw.c */ = {isa = PBXFileReference; fileEncoding = 4; lastKnownFileType = sourcecode.c.c; path = ffmpeg_hw.c; sourceTree = "<group>"; };
		C5F8D3B82536E36000AC9171 /* cmdutils.c */ = {isa = PBXFileReference; fileEncoding = 4; lastKnownFileType = sourcecode.c.c; path = cmdutils.c; sourceTree = "<group>"; };
		C5F8D3B92536E36000AC9171 /* ffmpeg.c */ = {isa = PBXFileReference; fileEncoding = 4; lastKnownFileType = sourcecode.c.c; path = ffmpeg.c; sourceTree = "<group>"; };
		C5F8D3BA2536E36000AC9171 /* ffmpeg_videotoolbox.c */ = {isa = PBXFileReference; fileEncoding = 4; lastKnownFileType = sourcecode.c.c; path = ffmpeg_videotoolbox.c; sourceTree = "<group>"; };
		C5F8D3C42536E3B400AC9171 /* config.h */ = {isa = PBXFileReference; fileEncoding = 4; lastKnownFileType = sourcecode.c.h; path = config.h; sourceTree = "<group>"; };
/* End PBXFileReference section */

/* Begin PBXFrameworksBuildPhase section */
		C58392E825357E1000F459FE /* Frameworks */ = {
			isa = PBXFrameworksBuildPhase;
			buildActionMask = 2147483647;
			files = (
				C5F8D3452536B8CD00AC9171 /* AudioToolbox.framework in Frameworks */,
				C5F8D28025369CFA00AC9171 /* libbz2.tbd in Frameworks */,
				C5F8D28A25369D1B00AC9171 /* CoreMedia.framework in Frameworks */,
				C5F8D27025369C0900AC9171 /* libavdevice.a in Frameworks */,
				C5F8D27C25369CF000AC9171 /* libz.tbd in Frameworks */,
				C5F8D27225369C0900AC9171 /* libswscale.a in Frameworks */,
				C5F8D28525369D1200AC9171 /* libiconv.tbd in Frameworks */,
				C5F8D26D25369C0900AC9171 /* libavfilter.a in Frameworks */,
				C5F8D26C25369C0900AC9171 /* libavutil.a in Frameworks */,
				C5F8D28F25369D2400AC9171 /* VideoToolbox.framework in Frameworks */,
				C5F8D26E25369C0900AC9171 /* libavcodec.a in Frameworks */,
				C5F8D27125369C0900AC9171 /* libswresample.a in Frameworks */,
				C5F8D26F25369C0900AC9171 /* libavformat.a in Frameworks */,
				C5F8D29425369D2D00AC9171 /* AVFoundation.framework in Frameworks */,
			);
			runOnlyForDeploymentPostprocessing = 0;
		};
		C583930325357E1100F459FE /* Frameworks */ = {
			isa = PBXFrameworksBuildPhase;
			buildActionMask = 2147483647;
			files = (
			);
			runOnlyForDeploymentPostprocessing = 0;
		};
		C583930E25357E1100F459FE /* Frameworks */ = {
			isa = PBXFrameworksBuildPhase;
			buildActionMask = 2147483647;
			files = (
			);
			runOnlyForDeploymentPostprocessing = 0;
		};
/* End PBXFrameworksBuildPhase section */

/* Begin PBXGroup section */
		C56AC41B253BDD9E007FA53B /* Player */ = {
			isa = PBXGroup;
			children = (
				C56AC44F253BE424007FA53B /* Thread */,
				C56AC459253BE95C007FA53B /* LLAV */,
				C56AC437253BE030007FA53B /* LLPlayerHeader.h */,
				C56AC440253BE103007FA53B /* LLPlayer.h */,
				C56AC441253BE103007FA53B /* LLPlayer.m */,
			);
			path = Player;
			sourceTree = "<group>";
		};
		C56AC44F253BE424007FA53B /* Thread */ = {
			isa = PBXGroup;
			children = (
				C56AC450253BE424007FA53B /* LLOpenFileThread.h */,
				C56AC451253BE424007FA53B /* LLOpenFileThread.m */,
				C56AC4B1253C1AD0007FA53B /* LLQueue.h */,
				C56AC4B2253C1AD0007FA53B /* LLQueue.m */,
			);
			path = Thread;
			sourceTree = "<group>";
		};
		C56AC459253BE95C007FA53B /* LLAV */ = {
			isa = PBXGroup;
			children = (
				C56AC45A253BEA7C007FA53B /* LLReader.h */,
				C56AC45B253BEA7C007FA53B /* LLReader.m */,
				C56AC496253BFA3E007FA53B /* LLDecoder.h */,
				C56AC497253BFA3E007FA53B /* LLDecoder.m */,
				C56AC49C253BFB69007FA53B /* LLAVStream.h */,
				C56AC49D253BFB69007FA53B /* LLAVStream.m */,
				C56AC47E253BEC0A007FA53B /* LLAVPacket.h */,
				C56AC47F253BEC0A007FA53B /* LLAVPacket.m */,
				C56AC475253BEBF8007FA53B /* LLAVFrame.h */,
				C56AC476253BEBF8007FA53B /* LLAVFrame.m */,
			);
			path = LLAV;
			sourceTree = "<group>";
		};
		C58392E225357E1000F459FE = {
			isa = PBXGroup;
			children = (
				C58392ED25357E1000F459FE /* FFmpeg-liuhongliang */,
				C583930925357E1100F459FE /* FFmpeg-liuhongliangTests */,
				C583931425357E1100F459FE /* FFmpeg-liuhongliangUITests */,
				C58392EC25357E1000F459FE /* Products */,
				C5F8D27925369CDC00AC9171 /* Frameworks */,
			);
			sourceTree = "<group>";
		};
		C58392EC25357E1000F459FE /* Products */ = {
			isa = PBXGroup;
			children = (
				C58392EB25357E1000F459FE /* FFmpeg-liuhongliang.app */,
				C583930625357E1100F459FE /* FFmpeg-liuhongliangTests.xctest */,
				C583931125357E1100F459FE /* FFmpeg-liuhongliangUITests.xctest */,
			);
			name = Products;
			sourceTree = "<group>";
		};
		C58392ED25357E1000F459FE /* FFmpeg-liuhongliang */ = {
			isa = PBXGroup;
			children = (
				C56AC490253BF8A0007FA53B /* liu_ffmpeg.mov */,
				C56AC48F253BF8A0007FA53B /* liu_ffmpeg1.mp4 */,
				C58392EE25357E1000F459FE /* AppDelegate.h */,
				C58392EF25357E1000F459FE /* AppDelegate.m */,
				C5F8D39F2536CB0C00AC9171 /* Note.h */,
				C56AC41B253BDD9E007FA53B /* Player */,
				C5F8D1EA25369C0900AC9171 /* FFmpeg-iOS */,
				C583932325357E5200F459FE /* HomeViewController.h */,
				C583932425357E5200F459FE /* HomeViewController.mm */,
				C58392FA25357E1100F459FE /* Assets.xcassets */,
				C58392FC25357E1100F459FE /* LaunchScreen.storyboard */,
				C58392FF25357E1100F459FE /* Info.plist */,
				C583930025357E1100F459FE /* main.m */,
			);
			path = "FFmpeg-liuhongliang";
			sourceTree = "<group>";
		};
		C583930925357E1100F459FE /* FFmpeg-liuhongliangTests */ = {
			isa = PBXGroup;
			children = (
				C583930A25357E1100F459FE /* FFmpeg_liuhongliangTests.m */,
				C583930C25357E1100F459FE /* Info.plist */,
			);
			path = "FFmpeg-liuhongliangTests";
			sourceTree = "<group>";
		};
		C583931425357E1100F459FE /* FFmpeg-liuhongliangUITests */ = {
			isa = PBXGroup;
			children = (
				C583931525357E1100F459FE /* FFmpeg_liuhongliangUITests.m */,
				C583931725357E1100F459FE /* Info.plist */,
			);
			path = "FFmpeg-liuhongliangUITests";
			sourceTree = "<group>";
		};
		C5F8D1EA25369C0900AC9171 /* FFmpeg-iOS */ = {
			isa = PBXGroup;
			children = (
				C5F8D3B22536E36000AC9171 /* tools */,
				C5F8D1EB25369C0900AC9171 /* include */,
				C5F8D26425369C0900AC9171 /* lib */,
			);
			path = "FFmpeg-iOS";
			sourceTree = "<group>";
		};
		C5F8D1EB25369C0900AC9171 /* include */ = {
			isa = PBXGroup;
			children = (
				C5F8D1EC25369C0900AC9171 /* libavfilter */,
				C5F8D1F125369C0900AC9171 /* libavutil */,
				C5F8D24425369C0900AC9171 /* libavdevice */,
				C5F8D24725369C0900AC9171 /* libavformat */,
				C5F8D24B25369C0900AC9171 /* libswscale */,
				C5F8D24E25369C0900AC9171 /* libavcodec */,
				C5F8D26125369C0900AC9171 /* libswresample */,
			);
			path = include;
			sourceTree = "<group>";
		};
		C5F8D1EC25369C0900AC9171 /* libavfilter */ = {
			isa = PBXGroup;
			children = (
				C5F8D1ED25369C0900AC9171 /* version.h */,
				C5F8D1EE25369C0900AC9171 /* buffersrc.h */,
				C5F8D1EF25369C0900AC9171 /* buffersink.h */,
				C5F8D1F025369C0900AC9171 /* avfilter.h */,
			);
			path = libavfilter;
			sourceTree = "<group>";
		};
		C5F8D1F125369C0900AC9171 /* libavutil */ = {
			isa = PBXGroup;
			children = (
				C5F8D1F225369C0900AC9171 /* hwcontext.h */,
				C5F8D1F325369C0900AC9171 /* time.h */,
				C5F8D1F425369C0900AC9171 /* hwcontext_cuda.h */,
				C5F8D1F525369C0900AC9171 /* intfloat.h */,
				C5F8D1F625369C0900AC9171 /* error.h */,
				C5F8D1F725369C0900AC9171 /* fifo.h */,
				C5F8D1F825369C0900AC9171 /* blowfish.h */,
				C5F8D1F925369C0900AC9171 /* hwcontext_mediacodec.h */,
				C5F8D1FA25369C0900AC9171 /* replaygain.h */,
				C5F8D1FB25369C0900AC9171 /* version.h */,
				C5F8D1FC25369C0900AC9171 /* murmur3.h */,
				C5F8D1FD25369C0900AC9171 /* stereo3d.h */,
				C5F8D1FE25369C0900AC9171 /* samplefmt.h */,
				C5F8D1FF25369C0900AC9171 /* pixdesc.h */,
				C5F8D20025369C0900AC9171 /* base64.h */,
				C5F8D20125369C0900AC9171 /* rational.h */,
				C5F8D20225369C0900AC9171 /* sha.h */,
				C5F8D20325369C0900AC9171 /* motion_vector.h */,
				C5F8D20425369C0900AC9171 /* avconfig.h */,
				C5F8D20525369C0900AC9171 /* lfg.h */,
				C5F8D20625369C0900AC9171 /* avutil.h */,
				C5F8D20725369C0900AC9171 /* xtea.h */,
				C5F8D20825369C0900AC9171 /* crc.h */,
				C5F8D20925369C0900AC9171 /* hwcontext_vdpau.h */,
				C5F8D20A25369C0900AC9171 /* frame.h */,
				C5F8D20B25369C0900AC9171 /* file.h */,
				C5F8D20C25369C0900AC9171 /* md5.h */,
				C5F8D20D25369C0900AC9171 /* cast5.h */,
				C5F8D20E25369C0900AC9171 /* hwcontext_vaapi.h */,
				C5F8D20F25369C0900AC9171 /* spherical.h */,
				C5F8D21025369C0900AC9171 /* ffversion.h */,
				C5F8D21125369C0900AC9171 /* audio_fifo.h */,
				C5F8D21225369C0900AC9171 /* tree.h */,
				C5F8D21325369C0900AC9171 /* threadmessage.h */,
				C5F8D21425369C0900AC9171 /* attributes.h */,
				C5F8D21525369C0900AC9171 /* adler32.h */,
				C5F8D21625369C0900AC9171 /* hwcontext_d3d11va.h */,
				C5F8D21725369C0900AC9171 /* timecode.h */,
				C5F8D21825369C0900AC9171 /* tx.h */,
				C5F8D21925369C0900AC9171 /* sha512.h */,
				C5F8D21A25369C0900AC9171 /* hwcontext_dxva2.h */,
				C5F8D21B25369C0900AC9171 /* display.h */,
				C5F8D21C25369C0900AC9171 /* buffer.h */,
				C5F8D21D25369C0900AC9171 /* camellia.h */,
				C5F8D21E25369C0900AC9171 /* pixelutils.h */,
				C5F8D21F25369C0900AC9171 /* hwcontext_drm.h */,
				C5F8D22025369C0900AC9171 /* common.h */,
				C5F8D22125369C0900AC9171 /* hmac.h */,
				C5F8D22225369C0900AC9171 /* eval.h */,
				C5F8D22325369C0900AC9171 /* dict.h */,
				C5F8D22425369C0900AC9171 /* random_seed.h */,
				C5F8D22525369C0900AC9171 /* opt.h */,
				C5F8D22625369C0900AC9171 /* mastering_display_metadata.h */,
				C5F8D22725369C0900AC9171 /* log.h */,
				C5F8D22825369C0900AC9171 /* aes.h */,
				C5F8D22925369C0900AC9171 /* macros.h */,
				C5F8D22A25369C0900AC9171 /* bswap.h */,
				C5F8D22B25369C0900AC9171 /* rc4.h */,
				C5F8D22C25369C0900AC9171 /* tea.h */,
				C5F8D22D25369C0900AC9171 /* cpu.h */,
				C5F8D22E25369C0900AC9171 /* lzo.h */,
				C5F8D22F25369C0900AC9171 /* des.h */,
				C5F8D23025369C0900AC9171 /* channel_layout.h */,
				C5F8D23125369C0900AC9171 /* encryption_info.h */,
				C5F8D23225369C0900AC9171 /* twofish.h */,
				C5F8D23325369C0900AC9171 /* imgutils.h */,
				C5F8D23425369C0900AC9171 /* hwcontext_videotoolbox.h */,
				C5F8D23525369C0900AC9171 /* mem.h */,
				C5F8D23625369C0900AC9171 /* parseutils.h */,
				C5F8D23725369C0900AC9171 /* ripemd.h */,
				C5F8D23825369C0900AC9171 /* bprint.h */,
				C5F8D23925369C0900AC9171 /* hdr_dynamic_metadata.h */,
				C5F8D23A25369C0900AC9171 /* hwcontext_qsv.h */,
				C5F8D23B25369C0900AC9171 /* pixfmt.h */,
				C5F8D23C25369C0900AC9171 /* aes_ctr.h */,
				C5F8D23D25369C0900AC9171 /* timestamp.h */,
				C5F8D23E25369C0900AC9171 /* downmix_info.h */,
				C5F8D23F25369C0900AC9171 /* avassert.h */,
				C5F8D24025369C0900AC9171 /* hash.h */,
				C5F8D24125369C0900AC9171 /* mathematics.h */,
				C5F8D24225369C0900AC9171 /* intreadwrite.h */,
				C5F8D24325369C0900AC9171 /* avstring.h */,
			);
			path = libavutil;
			sourceTree = "<group>";
		};
		C5F8D24425369C0900AC9171 /* libavdevice */ = {
			isa = PBXGroup;
			children = (
				C5F8D24525369C0900AC9171 /* version.h */,
				C5F8D24625369C0900AC9171 /* avdevice.h */,
			);
			path = libavdevice;
			sourceTree = "<group>";
		};
		C5F8D24725369C0900AC9171 /* libavformat */ = {
			isa = PBXGroup;
			children = (
				C5F8D24825369C0900AC9171 /* version.h */,
				C5F8D24925369C0900AC9171 /* avio.h */,
				C5F8D24A25369C0900AC9171 /* avformat.h */,
			);
			path = libavformat;
			sourceTree = "<group>";
		};
		C5F8D24B25369C0900AC9171 /* libswscale */ = {
			isa = PBXGroup;
			children = (
				C5F8D24C25369C0900AC9171 /* version.h */,
				C5F8D24D25369C0900AC9171 /* swscale.h */,
			);
			path = libswscale;
			sourceTree = "<group>";
		};
		C5F8D24E25369C0900AC9171 /* libavcodec */ = {
			isa = PBXGroup;
			children = (
				C5F8D24F25369C0900AC9171 /* adts_parser.h */,
				C5F8D25025369C0900AC9171 /* avcodec.h */,
				C5F8D25125369C0900AC9171 /* version.h */,
				C5F8D25225369C0900AC9171 /* vdpau.h */,
				C5F8D25325369C0900AC9171 /* qsv.h */,
				C5F8D25425369C0900AC9171 /* vaapi.h */,
				C5F8D25525369C0900AC9171 /* videotoolbox.h */,
				C5F8D25625369C0900AC9171 /* xvmc.h */,
				C5F8D25725369C0900AC9171 /* mediacodec.h */,
				C5F8D25825369C0900AC9171 /* d3d11va.h */,
				C5F8D25925369C0900AC9171 /* avfft.h */,
				C5F8D25A25369C0900AC9171 /* jni.h */,
				C5F8D25B25369C0900AC9171 /* dirac.h */,
				C5F8D25C25369C0900AC9171 /* avdct.h */,
				C5F8D25D25369C0900AC9171 /* ac3_parser.h */,
				C5F8D25E25369C0900AC9171 /* vorbis_parser.h */,
				C5F8D25F25369C0900AC9171 /* dxva2.h */,
				C5F8D26025369C0900AC9171 /* dv_profile.h */,
			);
			path = libavcodec;
			sourceTree = "<group>";
		};
		C5F8D26125369C0900AC9171 /* libswresample */ = {
			isa = PBXGroup;
			children = (
				C5F8D26225369C0900AC9171 /* version.h */,
				C5F8D26325369C0900AC9171 /* swresample.h */,
			);
			path = libswresample;
			sourceTree = "<group>";
		};
		C5F8D26425369C0900AC9171 /* lib */ = {
			isa = PBXGroup;
			children = (
				C5F8D26525369C0900AC9171 /* libavutil.a */,
				C5F8D26625369C0900AC9171 /* libavfilter.a */,
				C5F8D26725369C0900AC9171 /* libavcodec.a */,
				C5F8D26825369C0900AC9171 /* libavformat.a */,
				C5F8D26925369C0900AC9171 /* libavdevice.a */,
				C5F8D26A25369C0900AC9171 /* libswresample.a */,
				C5F8D26B25369C0900AC9171 /* libswscale.a */,
			);
			path = lib;
			sourceTree = "<group>";
		};
		C5F8D27925369CDC00AC9171 /* Frameworks */ = {
			isa = PBXGroup;
			children = (
				C5F8D3442536B8CD00AC9171 /* AudioToolbox.framework */,
				C5F8D29325369D2D00AC9171 /* AVFoundation.framework */,
				C5F8D28E25369D2400AC9171 /* VideoToolbox.framework */,
				C5F8D28925369D1B00AC9171 /* CoreMedia.framework */,
				C5F8D28425369D0B00AC9171 /* libiconv.tbd */,
				C5F8D27B25369CE700AC9171 /* libz.tbd */,
				C5F8D27A25369CDC00AC9171 /* libbz2.tbd */,
			);
			name = Frameworks;
			sourceTree = "<group>";
		};
		C5F8D3B22536E36000AC9171 /* tools */ = {
			isa = PBXGroup;
			children = (
				C5F8D3C42536E3B400AC9171 /* config.h */,
				C5F8D3B32536E36000AC9171 /* cmdutils.h */,
				C5F8D3B42536E36000AC9171 /* ffmpeg_opt.c */,
				C5F8D3B52536E36000AC9171 /* ffmpeg.h */,
				C5F8D3B62536E36000AC9171 /* ffmpeg_filter.c */,
				C5F8D3B72536E36000AC9171 /* ffmpeg_hw.c */,
				C5F8D3B82536E36000AC9171 /* cmdutils.c */,
				C5F8D3B92536E36000AC9171 /* ffmpeg.c */,
				C5F8D3BA2536E36000AC9171 /* ffmpeg_videotoolbox.c */,
			);
			path = tools;
			sourceTree = "<group>";
		};
/* End PBXGroup section */

/* Begin PBXNativeTarget section */
		C58392EA25357E1000F459FE /* FFmpeg-liuhongliang */ = {
			isa = PBXNativeTarget;
			buildConfigurationList = C583931A25357E1100F459FE /* Build configuration list for PBXNativeTarget "FFmpeg-liuhongliang" */;
			buildPhases = (
				C58392E725357E1000F459FE /* Sources */,
				C58392E825357E1000F459FE /* Frameworks */,
				C58392E925357E1000F459FE /* Resources */,
			);
			buildRules = (
			);
			dependencies = (
			);
			name = "FFmpeg-liuhongliang";
			productName = "FFmpeg-liuhongliang";
			productReference = C58392EB25357E1000F459FE /* FFmpeg-liuhongliang.app */;
			productType = "com.apple.product-type.application";
		};
		C583930525357E1100F459FE /* FFmpeg-liuhongliangTests */ = {
			isa = PBXNativeTarget;
			buildConfigurationList = C583931D25357E1100F459FE /* Build configuration list for PBXNativeTarget "FFmpeg-liuhongliangTests" */;
			buildPhases = (
				C583930225357E1100F459FE /* Sources */,
				C583930325357E1100F459FE /* Frameworks */,
				C583930425357E1100F459FE /* Resources */,
			);
			buildRules = (
			);
			dependencies = (
				C583930825357E1100F459FE /* PBXTargetDependency */,
			);
			name = "FFmpeg-liuhongliangTests";
			productName = "FFmpeg-liuhongliangTests";
			productReference = C583930625357E1100F459FE /* FFmpeg-liuhongliangTests.xctest */;
			productType = "com.apple.product-type.bundle.unit-test";
		};
		C583931025357E1100F459FE /* FFmpeg-liuhongliangUITests */ = {
			isa = PBXNativeTarget;
			buildConfigurationList = C583932025357E1100F459FE /* Build configuration list for PBXNativeTarget "FFmpeg-liuhongliangUITests" */;
			buildPhases = (
				C583930D25357E1100F459FE /* Sources */,
				C583930E25357E1100F459FE /* Frameworks */,
				C583930F25357E1100F459FE /* Resources */,
			);
			buildRules = (
			);
			dependencies = (
				C583931325357E1100F459FE /* PBXTargetDependency */,
			);
			name = "FFmpeg-liuhongliangUITests";
			productName = "FFmpeg-liuhongliangUITests";
			productReference = C583931125357E1100F459FE /* FFmpeg-liuhongliangUITests.xctest */;
			productType = "com.apple.product-type.bundle.ui-testing";
		};
/* End PBXNativeTarget section */

/* Begin PBXProject section */
		C58392E325357E1000F459FE /* Project object */ = {
			isa = PBXProject;
			attributes = {
				LastUpgradeCheck = 1140;
				ORGANIZATIONNAME = "刘宏亮";
				TargetAttributes = {
					C58392EA25357E1000F459FE = {
						CreatedOnToolsVersion = 11.4;
						LastSwiftMigration = 1200;
					};
					C583930525357E1100F459FE = {
						CreatedOnToolsVersion = 11.4;
						TestTargetID = C58392EA25357E1000F459FE;
					};
					C583931025357E1100F459FE = {
						CreatedOnToolsVersion = 11.4;
						TestTargetID = C58392EA25357E1000F459FE;
					};
				};
			};
			buildConfigurationList = C58392E625357E1000F459FE /* Build configuration list for PBXProject "FFmpeg-liuhongliang" */;
			compatibilityVersion = "Xcode 9.3";
			developmentRegion = en;
			hasScannedForEncodings = 0;
			knownRegions = (
				en,
				Base,
			);
			mainGroup = C58392E225357E1000F459FE;
			productRefGroup = C58392EC25357E1000F459FE /* Products */;
			projectDirPath = "";
			projectRoot = "";
			targets = (
				C58392EA25357E1000F459FE /* FFmpeg-liuhongliang */,
				C583930525357E1100F459FE /* FFmpeg-liuhongliangTests */,
				C583931025357E1100F459FE /* FFmpeg-liuhongliangUITests */,
			);
		};
/* End PBXProject section */

/* Begin PBXResourcesBuildPhase section */
		C58392E925357E1000F459FE /* Resources */ = {
			isa = PBXResourcesBuildPhase;
			buildActionMask = 2147483647;
			files = (
				C56AC492253BF8A0007FA53B /* liu_ffmpeg.mov in Resources */,
				C58392FE25357E1100F459FE /* LaunchScreen.storyboard in Resources */,
				C58392FB25357E1100F459FE /* Assets.xcassets in Resources */,
				C56AC491253BF8A0007FA53B /* liu_ffmpeg1.mp4 in Resources */,
			);
			runOnlyForDeploymentPostprocessing = 0;
		};
		C583930425357E1100F459FE /* Resources */ = {
			isa = PBXResourcesBuildPhase;
			buildActionMask = 2147483647;
			files = (
			);
			runOnlyForDeploymentPostprocessing = 0;
		};
		C583930F25357E1100F459FE /* Resources */ = {
			isa = PBXResourcesBuildPhase;
			buildActionMask = 2147483647;
			files = (
			);
			runOnlyForDeploymentPostprocessing = 0;
		};
/* End PBXResourcesBuildPhase section */

/* Begin PBXSourcesBuildPhase section */
		C58392E725357E1000F459FE /* Sources */ = {
			isa = PBXSourcesBuildPhase;
			buildActionMask = 2147483647;
			files = (
				C5F8D3BB2536E36000AC9171 /* ffmpeg_opt.c in Sources */,
				C5F8D3BE2536E36000AC9171 /* cmdutils.c in Sources */,
				C56AC49E253BFB69007FA53B /* LLAVStream.m in Sources */,
				C56AC4B3253C1AD0007FA53B /* LLQueue.m in Sources */,
				C56AC480253BEC0A007FA53B /* LLAVPacket.m in Sources */,
				C56AC498253BFA3E007FA53B /* LLDecoder.m in Sources */,
				C5F8D3BC2536E36000AC9171 /* ffmpeg_filter.c in Sources */,
				C58392F025357E1000F459FE /* AppDelegate.m in Sources */,
				C56AC45C253BEA7C007FA53B /* LLReader.m in Sources */,
				C5F8D3BD2536E36000AC9171 /* ffmpeg_hw.c in Sources */,
				C583930125357E1100F459FE /* main.m in Sources */,
				C5F8D3BF2536E36000AC9171 /* ffmpeg.c in Sources */,
				C56AC477253BEBF8007FA53B /* LLAVFrame.m in Sources */,
				C5F8D3C02536E36000AC9171 /* ffmpeg_videotoolbox.c in Sources */,
				C56AC452253BE424007FA53B /* LLOpenFileThread.m in Sources */,
				C56AC442253BE103007FA53B /* LLPlayer.m in Sources */,
				C583932525357E5200F459FE /* HomeViewController.mm in Sources */,
			);
			runOnlyForDeploymentPostprocessing = 0;
		};
		C583930225357E1100F459FE /* Sources */ = {
			isa = PBXSourcesBuildPhase;
			buildActionMask = 2147483647;
			files = (
				C583930B25357E1100F459FE /* FFmpeg_liuhongliangTests.m in Sources */,
			);
			runOnlyForDeploymentPostprocessing = 0;
		};
		C583930D25357E1100F459FE /* Sources */ = {
			isa = PBXSourcesBuildPhase;
			buildActionMask = 2147483647;
			files = (
				C583931625357E1100F459FE /* FFmpeg_liuhongliangUITests.m in Sources */,
			);
			runOnlyForDeploymentPostprocessing = 0;
		};
/* End PBXSourcesBuildPhase section */

/* Begin PBXTargetDependency section */
		C583930825357E1100F459FE /* PBXTargetDependency */ = {
			isa = PBXTargetDependency;
			target = C58392EA25357E1000F459FE /* FFmpeg-liuhongliang */;
			targetProxy = C583930725357E1100F459FE /* PBXContainerItemProxy */;
		};
		C583931325357E1100F459FE /* PBXTargetDependency */ = {
			isa = PBXTargetDependency;
			target = C58392EA25357E1000F459FE /* FFmpeg-liuhongliang */;
			targetProxy = C583931225357E1100F459FE /* PBXContainerItemProxy */;
		};
/* End PBXTargetDependency section */

/* Begin PBXVariantGroup section */
		C58392FC25357E1100F459FE /* LaunchScreen.storyboard */ = {
			isa = PBXVariantGroup;
			children = (
				C58392FD25357E1100F459FE /* Base */,
			);
			name = LaunchScreen.storyboard;
			sourceTree = "<group>";
		};
/* End PBXVariantGroup section */

/* Begin XCBuildConfiguration section */
		C583931825357E1100F459FE /* Debug */ = {
			isa = XCBuildConfiguration;
			buildSettings = {
				ALWAYS_SEARCH_USER_PATHS = NO;
				CLANG_ANALYZER_NONNULL = YES;
				CLANG_ANALYZER_NUMBER_OBJECT_CONVERSION = YES_AGGRESSIVE;
				CLANG_CXX_LANGUAGE_STANDARD = "gnu++14";
				CLANG_CXX_LIBRARY = "libc++";
				CLANG_ENABLE_MODULES = YES;
				CLANG_ENABLE_OBJC_ARC = YES;
				CLANG_ENABLE_OBJC_WEAK = YES;
				CLANG_WARN_BLOCK_CAPTURE_AUTORELEASING = YES;
				CLANG_WARN_BOOL_CONVERSION = YES;
				CLANG_WARN_COMMA = YES;
				CLANG_WARN_CONSTANT_CONVERSION = YES;
				CLANG_WARN_DEPRECATED_OBJC_IMPLEMENTATIONS = YES;
				CLANG_WARN_DIRECT_OBJC_ISA_USAGE = YES_ERROR;
				CLANG_WARN_DOCUMENTATION_COMMENTS = YES;
				CLANG_WARN_EMPTY_BODY = YES;
				CLANG_WARN_ENUM_CONVERSION = YES;
				CLANG_WARN_INFINITE_RECURSION = YES;
				CLANG_WARN_INT_CONVERSION = YES;
				CLANG_WARN_NON_LITERAL_NULL_CONVERSION = YES;
				CLANG_WARN_OBJC_IMPLICIT_RETAIN_SELF = YES;
				CLANG_WARN_OBJC_LITERAL_CONVERSION = YES;
				CLANG_WARN_OBJC_ROOT_CLASS = YES_ERROR;
				CLANG_WARN_RANGE_LOOP_ANALYSIS = YES;
				CLANG_WARN_STRICT_PROTOTYPES = YES;
				CLANG_WARN_SUSPICIOUS_MOVE = YES;
				CLANG_WARN_UNGUARDED_AVAILABILITY = YES_AGGRESSIVE;
				CLANG_WARN_UNREACHABLE_CODE = YES;
				CLANG_WARN__DUPLICATE_METHOD_MATCH = YES;
				COPY_PHASE_STRIP = NO;
				DEBUG_INFORMATION_FORMAT = dwarf;
				ENABLE_STRICT_OBJC_MSGSEND = YES;
				ENABLE_TESTABILITY = YES;
				GCC_C_LANGUAGE_STANDARD = gnu11;
				GCC_DYNAMIC_NO_PIC = NO;
				GCC_NO_COMMON_BLOCKS = YES;
				GCC_OPTIMIZATION_LEVEL = 0;
				GCC_PREPROCESSOR_DEFINITIONS = (
					"DEBUG=1",
					"$(inherited)",
				);
				GCC_WARN_64_TO_32_BIT_CONVERSION = YES;
				GCC_WARN_ABOUT_RETURN_TYPE = YES_ERROR;
				GCC_WARN_UNDECLARED_SELECTOR = YES;
				GCC_WARN_UNINITIALIZED_AUTOS = YES_AGGRESSIVE;
				GCC_WARN_UNUSED_FUNCTION = YES;
				GCC_WARN_UNUSED_VARIABLE = YES;
				IPHONEOS_DEPLOYMENT_TARGET = 13.4;
				MTL_ENABLE_DEBUG_INFO = INCLUDE_SOURCE;
				MTL_FAST_MATH = YES;
				ONLY_ACTIVE_ARCH = YES;
				SDKROOT = iphoneos;
			};
			name = Debug;
		};
		C583931925357E1100F459FE /* Release */ = {
			isa = XCBuildConfiguration;
			buildSettings = {
				ALWAYS_SEARCH_USER_PATHS = NO;
				CLANG_ANALYZER_NONNULL = YES;
				CLANG_ANALYZER_NUMBER_OBJECT_CONVERSION = YES_AGGRESSIVE;
				CLANG_CXX_LANGUAGE_STANDARD = "gnu++14";
				CLANG_CXX_LIBRARY = "libc++";
				CLANG_ENABLE_MODULES = YES;
				CLANG_ENABLE_OBJC_ARC = YES;
				CLANG_ENABLE_OBJC_WEAK = YES;
				CLANG_WARN_BLOCK_CAPTURE_AUTORELEASING = YES;
				CLANG_WARN_BOOL_CONVERSION = YES;
				CLANG_WARN_COMMA = YES;
				CLANG_WARN_CONSTANT_CONVERSION = YES;
				CLANG_WARN_DEPRECATED_OBJC_IMPLEMENTATIONS = YES;
				CLANG_WARN_DIRECT_OBJC_ISA_USAGE = YES_ERROR;
				CLANG_WARN_DOCUMENTATION_COMMENTS = YES;
				CLANG_WARN_EMPTY_BODY = YES;
				CLANG_WARN_ENUM_CONVERSION = YES;
				CLANG_WARN_INFINITE_RECURSION = YES;
				CLANG_WARN_INT_CONVERSION = YES;
				CLANG_WARN_NON_LITERAL_NULL_CONVERSION = YES;
				CLANG_WARN_OBJC_IMPLICIT_RETAIN_SELF = YES;
				CLANG_WARN_OBJC_LITERAL_CONVERSION = YES;
				CLANG_WARN_OBJC_ROOT_CLASS = YES_ERROR;
				CLANG_WARN_RANGE_LOOP_ANALYSIS = YES;
				CLANG_WARN_STRICT_PROTOTYPES = YES;
				CLANG_WARN_SUSPICIOUS_MOVE = YES;
				CLANG_WARN_UNGUARDED_AVAILABILITY = YES_AGGRESSIVE;
				CLANG_WARN_UNREACHABLE_CODE = YES;
				CLANG_WARN__DUPLICATE_METHOD_MATCH = YES;
				COPY_PHASE_STRIP = NO;
				DEBUG_INFORMATION_FORMAT = "dwarf-with-dsym";
				ENABLE_NS_ASSERTIONS = NO;
				ENABLE_STRICT_OBJC_MSGSEND = YES;
				GCC_C_LANGUAGE_STANDARD = gnu11;
				GCC_NO_COMMON_BLOCKS = YES;
				GCC_WARN_64_TO_32_BIT_CONVERSION = YES;
				GCC_WARN_ABOUT_RETURN_TYPE = YES_ERROR;
				GCC_WARN_UNDECLARED_SELECTOR = YES;
				GCC_WARN_UNINITIALIZED_AUTOS = YES_AGGRESSIVE;
				GCC_WARN_UNUSED_FUNCTION = YES;
				GCC_WARN_UNUSED_VARIABLE = YES;
				IPHONEOS_DEPLOYMENT_TARGET = 13.4;
				MTL_ENABLE_DEBUG_INFO = NO;
				MTL_FAST_MATH = YES;
				SDKROOT = iphoneos;
				VALIDATE_PRODUCT = YES;
			};
			name = Release;
		};
		C583931B25357E1100F459FE /* Debug */ = {
			isa = XCBuildConfiguration;
			buildSettings = {
				ASSETCATALOG_COMPILER_APPICON_NAME = AppIcon;
				CLANG_ENABLE_MODULES = YES;
				CODE_SIGN_STYLE = Automatic;
				DEVELOPMENT_TEAM = R24Z27K86A;
				GCC_INPUT_FILETYPE = automatic;
				HEADER_SEARCH_PATHS = "$(PROJECT_DIR)/FFmpeg-liuhongliang/FFmpeg-iOS/include";
				INFOPLIST_FILE = "FFmpeg-liuhongliang/Info.plist";
				IPHONEOS_DEPLOYMENT_TARGET = 9.0;
				LD_RUNPATH_SEARCH_PATHS = (
					"$(inherited)",
					"@executable_path/Frameworks",
				);
				LIBRARY_SEARCH_PATHS = (
					"$(inherited)",
					"$(PROJECT_DIR)/FFmpeg-liuhongliang/FFmpeg-iOS/lib",
					"$(PROJECT_DIR)/FFmpeg-liuhongliang/FFmpeg-iOS/include",
				);
				PRODUCT_BUNDLE_IDENTIFIER = com.zhongwei.aiweibaby.com;
				PRODUCT_NAME = "$(TARGET_NAME)";
				SWIFT_OBJC_BRIDGING_HEADER = "FFmpeg-liuhongliang/Player/FFmpeg-liuhongliang-Bridging-Header.h";
				SWIFT_OPTIMIZATION_LEVEL = "-Onone";
				SWIFT_VERSION = 5.0;
				SYSTEM_HEADER_SEARCH_PATHS = "";
				TARGETED_DEVICE_FAMILY = "1,2";
			};
			name = Debug;
		};
		C583931C25357E1100F459FE /* Release */ = {
			isa = XCBuildConfiguration;
			buildSettings = {
				ASSETCATALOG_COMPILER_APPICON_NAME = AppIcon;
				CLANG_ENABLE_MODULES = YES;
				CODE_SIGN_STYLE = Automatic;
				DEVELOPMENT_TEAM = R24Z27K86A;
				GCC_INPUT_FILETYPE = automatic;
				HEADER_SEARCH_PATHS = "$(PROJECT_DIR)/FFmpeg-liuhongliang/FFmpeg-iOS/include";
				INFOPLIST_FILE = "FFmpeg-liuhongliang/Info.plist";
				IPHONEOS_DEPLOYMENT_TARGET = 9.0;
				LD_RUNPATH_SEARCH_PATHS = (
					"$(inherited)",
					"@executable_path/Frameworks",
				);
				LIBRARY_SEARCH_PATHS = (
					"$(inherited)",
					"$(PROJECT_DIR)/FFmpeg-liuhongliang/FFmpeg-iOS/lib",
					"$(PROJECT_DIR)/FFmpeg-liuhongliang/FFmpeg-iOS/include",
				);
				PRODUCT_BUNDLE_IDENTIFIER = com.zhongwei.aiweibaby.com;
				PRODUCT_NAME = "$(TARGET_NAME)";
				SWIFT_OBJC_BRIDGING_HEADER = "FFmpeg-liuhongliang/Player/FFmpeg-liuhongliang-Bridging-Header.h";
				SWIFT_VERSION = 5.0;
				SYSTEM_HEADER_SEARCH_PATHS = "";
				TARGETED_DEVICE_FAMILY = "1,2";
			};
			name = Release;
		};
		C583931E25357E1100F459FE /* Debug */ = {
			isa = XCBuildConfiguration;
			buildSettings = {
				BUNDLE_LOADER = "$(TEST_HOST)";
				CODE_SIGN_STYLE = Automatic;
				DEVELOPMENT_TEAM = 525V9JN529;
				INFOPLIST_FILE = "FFmpeg-liuhongliangTests/Info.plist";
				IPHONEOS_DEPLOYMENT_TARGET = 13.4;
				LD_RUNPATH_SEARCH_PATHS = (
					"$(inherited)",
					"@executable_path/Frameworks",
					"@loader_path/Frameworks",
				);
				PRODUCT_BUNDLE_IDENTIFIER = "com.zhongwei.aiweibaby.FFmpeg-liuhongliangTests";
				PRODUCT_NAME = "$(TARGET_NAME)";
				TARGETED_DEVICE_FAMILY = "1,2";
				TEST_HOST = "$(BUILT_PRODUCTS_DIR)/FFmpeg-liuhongliang.app/FFmpeg-liuhongliang";
			};
			name = Debug;
		};
		C583931F25357E1100F459FE /* Release */ = {
			isa = XCBuildConfiguration;
			buildSettings = {
				BUNDLE_LOADER = "$(TEST_HOST)";
				CODE_SIGN_STYLE = Automatic;
				DEVELOPMENT_TEAM = 525V9JN529;
				INFOPLIST_FILE = "FFmpeg-liuhongliangTests/Info.plist";
				IPHONEOS_DEPLOYMENT_TARGET = 13.4;
				LD_RUNPATH_SEARCH_PATHS = (
					"$(inherited)",
					"@executable_path/Frameworks",
					"@loader_path/Frameworks",
				);
				PRODUCT_BUNDLE_IDENTIFIER = "com.zhongwei.aiweibaby.FFmpeg-liuhongliangTests";
				PRODUCT_NAME = "$(TARGET_NAME)";
				TARGETED_DEVICE_FAMILY = "1,2";
				TEST_HOST = "$(BUILT_PRODUCTS_DIR)/FFmpeg-liuhongliang.app/FFmpeg-liuhongliang";
			};
			name = Release;
		};
		C583932125357E1100F459FE /* Debug */ = {
			isa = XCBuildConfiguration;
			buildSettings = {
				CODE_SIGN_STYLE = Automatic;
				DEVELOPMENT_TEAM = 525V9JN529;
				INFOPLIST_FILE = "FFmpeg-liuhongliangUITests/Info.plist";
				LD_RUNPATH_SEARCH_PATHS = (
					"$(inherited)",
					"@executable_path/Frameworks",
					"@loader_path/Frameworks",
				);
				PRODUCT_BUNDLE_IDENTIFIER = "com.zhongwei.aiweibaby.FFmpeg-liuhongliangUITests";
				PRODUCT_NAME = "$(TARGET_NAME)";
				TARGETED_DEVICE_FAMILY = "1,2";
				TEST_TARGET_NAME = "FFmpeg-liuhongliang";
			};
			name = Debug;
		};
		C583932225357E1100F459FE /* Release */ = {
			isa = XCBuildConfiguration;
			buildSettings = {
				CODE_SIGN_STYLE = Automatic;
				DEVELOPMENT_TEAM = 525V9JN529;
				INFOPLIST_FILE = "FFmpeg-liuhongliangUITests/Info.plist";
				LD_RUNPATH_SEARCH_PATHS = (
					"$(inherited)",
					"@executable_path/Frameworks",
					"@loader_path/Frameworks",
				);
				PRODUCT_BUNDLE_IDENTIFIER = "com.zhongwei.aiweibaby.FFmpeg-liuhongliangUITests";
				PRODUCT_NAME = "$(TARGET_NAME)";
				TARGETED_DEVICE_FAMILY = "1,2";
				TEST_TARGET_NAME = "FFmpeg-liuhongliang";
			};
			name = Release;
		};
/* End XCBuildConfiguration section */

/* Begin XCConfigurationList section */
		C58392E625357E1000F459FE /* Build configuration list for PBXProject "FFmpeg-liuhongliang" */ = {
			isa = XCConfigurationList;
			buildConfigurations = (
				C583931825357E1100F459FE /* Debug */,
				C583931925357E1100F459FE /* Release */,
			);
			defaultConfigurationIsVisible = 0;
			defaultConfigurationName = Release;
		};
		C583931A25357E1100F459FE /* Build configuration list for PBXNativeTarget "FFmpeg-liuhongliang" */ = {
			isa = XCConfigurationList;
			buildConfigurations = (
				C583931B25357E1100F459FE /* Debug */,
				C583931C25357E1100F459FE /* Release */,
			);
			defaultConfigurationIsVisible = 0;
			defaultConfigurationName = Release;
		};
		C583931D25357E1100F459FE /* Build configuration list for PBXNativeTarget "FFmpeg-liuhongliangTests" */ = {
			isa = XCConfigurationList;
			buildConfigurations = (
				C583931E25357E1100F459FE /* Debug */,
				C583931F25357E1100F459FE /* Release */,
			);
			defaultConfigurationIsVisible = 0;
			defaultConfigurationName = Release;
		};
		C583932025357E1100F459FE /* Build configuration list for PBXNativeTarget "FFmpeg-liuhongliangUITests" */ = {
			isa = XCConfigurationList;
			buildConfigurations = (
				C583932125357E1100F459FE /* Debug */,
				C583932225357E1100F459FE /* Release */,
			);
			defaultConfigurationIsVisible = 0;
			defaultConfigurationName = Release;
		};
/* End XCConfigurationList section */
	};
	rootObject = C58392E325357E1000F459FE /* Project object */;
}
